dependencies:
- name: redis
  repository: https://charts.bitnami.com/bitnami
  version: 16.13.1
- name: minio
  repository: ""
  version: 8.0.9
- name: openldap
  repository: ""
  version: 1.2.3
digest: sha256:d69f35cd3b43ee7f852949c6143f48907c864577c607523d00a44847671a3d7b
generated: "2024-03-18T13:00:23.000414-07:00"
